
Microsoft Visual Studio Solution File, Format Version 12.00
# Visual Studio Version 17
VisualStudioVersion = 17.8.34511.84
MinimumVisualStudioVersion = 10.0.40219.1
Project("{2150E333-8FDC-42A3-9474-1A3956D46DE8}") = "Services", "Services", "{EC6B6095-7B3D-40A9-BD4D-BC137E46372B}"
EndProject
Project("{2150E333-8FDC-42A3-9474-1A3956D46DE8}") = "CatologMicroServices", "CatologMicroServices", "{F6029724-F548-4586-82FA-A4D4E6A73413}"
EndProject
Project("{9A19103F-16F7-4668-BE54-9A1E7A4F7556}") = "Catolog", "Services\CatologMicroServices\Catolog\Catolog.csproj", "{46D43602-C1DA-41AE-8204-39FA81B53267}"
EndProject
Project("{2150E333-8FDC-42A3-9474-1A3956D46DE8}") = "Discount", "Discount", "{D8AC5F0D-A319-4C6C-978B-CD0C9C5BCA9F}"
EndProject
Project("{9A19103F-16F7-4668-BE54-9A1E7A4F7556}") = "Discount", "Services\DiscountMicroServices\Discount\Discount.csproj", "{CA0B15CF-F0BF-4BF0-B471-8293B8A8D396}"
EndProject
Project("{2150E333-8FDC-42A3-9474-1A3956D46DE8}") = "Order", "Order", "{9B5809D5-5A63-4A00-A098-7B6E538EECAF}"
EndProject
Project("{2150E333-8FDC-42A3-9474-1A3956D46DE8}") = "Core", "Core", "{C8F0D38A-44EA-4CAB-8A7A-758E2B11D31C}"
EndProject
Project("{2150E333-8FDC-42A3-9474-1A3956D46DE8}") = "Presentation", "Presentation", "{5E89E8FD-641F-42AA-94B6-5E28FF51FD24}"
EndProject
Project("{2150E333-8FDC-42A3-9474-1A3956D46DE8}") = "Infrasturcture", "Infrasturcture", "{48FE27E1-2F6A-4C75-815A-6E6D899F7058}"
EndProject
Project("{9A19103F-16F7-4668-BE54-9A1E7A4F7556}") = "WebAPI", "Services\Order\Presentation\WebAPI\WebAPI.csproj", "{8F437254-1DD4-4014-B7D9-BE80697E7BFD}"
EndProject
Project("{9A19103F-16F7-4668-BE54-9A1E7A4F7556}") = "Order.Application", "Services\Order\Core\Order.Application\Order.Application.csproj", "{83D51872-250E-4177-AF25-F47979FD05F0}"
EndProject
Project("{9A19103F-16F7-4668-BE54-9A1E7A4F7556}") = "Order.Domain", "Services\Order\Core\Order.Domain\Order.Domain.csproj", "{D3DE539C-A992-418A-8D0B-0211C10A3C98}"
EndProject
Project("{9A19103F-16F7-4668-BE54-9A1E7A4F7556}") = "Order.Infrastructure", "Services\Order\Infrastructure\Order.Infrastructure\Order.Infrastructure.csproj", "{8BFA5DE2-EE2C-4CAC-A8FC-2EBC66D44872}"
EndProject
Project("{9A19103F-16F7-4668-BE54-9A1E7A4F7556}") = "Order.Persistence", "Services\Order\Infrastructure\Order.Persistence\Order.Persistence.csproj", "{467915F3-9A08-446F-B26E-31BA576ABC38}"
EndProject
Project("{2150E333-8FDC-42A3-9474-1A3956D46DE8}") = "IdentityServer", "IdentityServer", "{E5CE4EF7-8BAA-4AE6-A00E-6E3529761A70}"
EndProject
Project("{2150E333-8FDC-42A3-9474-1A3956D46DE8}") = "Core", "Core", "{8609E208-5360-4802-AB0B-7DEB48A85F98}"
EndProject
Project("{2150E333-8FDC-42A3-9474-1A3956D46DE8}") = "Infrastructure", "Infrastructure", "{AB78EAF4-39F4-4234-BAE0-A8EFF656B6AB}"
EndProject
Project("{2150E333-8FDC-42A3-9474-1A3956D46DE8}") = "Presentation", "Presentation", "{A5F79483-58C3-44EC-B29F-603EACAC658E}"
EndProject
Project("{9A19103F-16F7-4668-BE54-9A1E7A4F7556}") = "IdentityServer.WebAPI", "Services\IdentityServer\Presentation\IdentityServer.WebAPI\IdentityServer.WebAPI.csproj", "{201EB61E-7785-45EB-996B-574F5025C548}"
EndProject
Project("{9A19103F-16F7-4668-BE54-9A1E7A4F7556}") = "IdentityServer.Domain", "Services\IdentityServer\Core\IdentityServer.Domain\IdentityServer.Domain.csproj", "{0BF38E57-9EEB-4A08-B504-C6D6673B104F}"
EndProject
Project("{9A19103F-16F7-4668-BE54-9A1E7A4F7556}") = "IdentityServer.Application", "Services\IdentityServer\Core\IdentityServer.Application\IdentityServer.Application.csproj", "{28F3F561-AC4B-4CFA-AEA6-FF7DC24E966B}"
EndProject
Project("{9A19103F-16F7-4668-BE54-9A1E7A4F7556}") = "IdentityServer.Infrastructure", "Services\IdentityServer\Infrastructure\IdentityServer.Infrastructure\IdentityServer.Infrastructure.csproj", "{3F3C68E1-114F-4E98-9BAC-39FC0B7A1222}"
EndProject
Project("{9A19103F-16F7-4668-BE54-9A1E7A4F7556}") = "IdentityServer.Persistence", "Services\IdentityServer\Infrastructure\IdentityServer.Persistence\IdentityServer.Persistence.csproj", "{F5F9BEBC-1A00-44C9-B1DB-4A53F092370C}"
EndProject
Project("{2150E333-8FDC-42A3-9474-1A3956D46DE8}") = "Cargo", "Cargo", "{7AEECBFB-3F6D-4F94-8252-AD2A30006F6C}"
EndProject
Project("{2150E333-8FDC-42A3-9474-1A3956D46DE8}") = "Core", "Core", "{F6E68372-0C91-4877-B5B3-D954B76B97F7}"
EndProject
Project("{FAE04EC0-301F-11D3-BF4B-00C04F79EFBC}") = "Cargo.Domain", "Services\Cargo\Cargo.Domain\Cargo.Domain.csproj", "{76994C57-C683-471D-88A2-8F4932E4E4BD}"
EndProject
Project("{FAE04EC0-301F-11D3-BF4B-00C04F79EFBC}") = "Cargo.Application", "Services\Cargo\Cargo.Application\Cargo.Application.csproj", "{E49A57D0-08B8-4DB3-95E6-3F5EFFD693F5}"
EndProject
Project("{2150E333-8FDC-42A3-9474-1A3956D46DE8}") = "Infrastructure", "Infrastructure", "{05D48D5D-0385-48EC-87FF-D908DC925ED0}"
EndProject
Project("{FAE04EC0-301F-11D3-BF4B-00C04F79EFBC}") = "Cargo.Infrastructure", "Services\Cargo\Infrastructure\Cargo.Infrastructure\Cargo.Infrastructure.csproj", "{B9BDF178-32A7-4B3C-8D85-6A4D83F1A375}"
EndProject
Project("{FAE04EC0-301F-11D3-BF4B-00C04F79EFBC}") = "Cargo.Persistence", "Services\Cargo\Infrastructure\Cargo.Persistence\Cargo.Persistence.csproj", "{30CBB30F-4558-4A62-831F-4FF78EF17B22}"
EndProject
Project("{2150E333-8FDC-42A3-9474-1A3956D46DE8}") = "Presentation", "Presentation", "{F5669A0D-3AB6-4C6C-9770-46236739F6C3}"
EndProject
Project("{FAE04EC0-301F-11D3-BF4B-00C04F79EFBC}") = "Cargo.WebAPI", "Services\Cargo\Presentation\Cargo.WebAPI\Cargo.WebAPI.csproj", "{489803BA-BFD2-46A8-8DD8-FF96CFAC56D9}"
EndProject
Global
	GlobalSection(SolutionConfigurationPlatforms) = preSolution
		Debug|Any CPU = Debug|Any CPU
		Release|Any CPU = Release|Any CPU
	EndGlobalSection
	GlobalSection(ProjectConfigurationPlatforms) = postSolution
		{46D43602-C1DA-41AE-8204-39FA81B53267}.Debug|Any CPU.ActiveCfg = Debug|Any CPU
		{46D43602-C1DA-41AE-8204-39FA81B53267}.Debug|Any CPU.Build.0 = Debug|Any CPU
		{46D43602-C1DA-41AE-8204-39FA81B53267}.Release|Any CPU.ActiveCfg = Release|Any CPU
		{46D43602-C1DA-41AE-8204-39FA81B53267}.Release|Any CPU.Build.0 = Release|Any CPU
		{CA0B15CF-F0BF-4BF0-B471-8293B8A8D396}.Debug|Any CPU.ActiveCfg = Debug|Any CPU
		{CA0B15CF-F0BF-4BF0-B471-8293B8A8D396}.Debug|Any CPU.Build.0 = Debug|Any CPU
		{CA0B15CF-F0BF-4BF0-B471-8293B8A8D396}.Release|Any CPU.ActiveCfg = Release|Any CPU
		{CA0B15CF-F0BF-4BF0-B471-8293B8A8D396}.Release|Any CPU.Build.0 = Release|Any CPU
		{8F437254-1DD4-4014-B7D9-BE80697E7BFD}.Debug|Any CPU.ActiveCfg = Debug|Any CPU
		{8F437254-1DD4-4014-B7D9-BE80697E7BFD}.Debug|Any CPU.Build.0 = Debug|Any CPU
		{8F437254-1DD4-4014-B7D9-BE80697E7BFD}.Release|Any CPU.ActiveCfg = Release|Any CPU
		{8F437254-1DD4-4014-B7D9-BE80697E7BFD}.Release|Any CPU.Build.0 = Release|Any CPU
		{83D51872-250E-4177-AF25-F47979FD05F0}.Debug|Any CPU.ActiveCfg = Debug|Any CPU
		{83D51872-250E-4177-AF25-F47979FD05F0}.Debug|Any CPU.Build.0 = Debug|Any CPU
		{83D51872-250E-4177-AF25-F47979FD05F0}.Release|Any CPU.ActiveCfg = Release|Any CPU
		{83D51872-250E-4177-AF25-F47979FD05F0}.Release|Any CPU.Build.0 = Release|Any CPU
		{D3DE539C-A992-418A-8D0B-0211C10A3C98}.Debug|Any CPU.ActiveCfg = Debug|Any CPU
		{D3DE539C-A992-418A-8D0B-0211C10A3C98}.Debug|Any CPU.Build.0 = Debug|Any CPU
		{D3DE539C-A992-418A-8D0B-0211C10A3C98}.Release|Any CPU.ActiveCfg = Release|Any CPU
		{D3DE539C-A992-418A-8D0B-0211C10A3C98}.Release|Any CPU.Build.0 = Release|Any CPU
		{8BFA5DE2-EE2C-4CAC-A8FC-2EBC66D44872}.Debug|Any CPU.ActiveCfg = Debug|Any CPU
		{8BFA5DE2-EE2C-4CAC-A8FC-2EBC66D44872}.Debug|Any CPU.Build.0 = Debug|Any CPU
		{8BFA5DE2-EE2C-4CAC-A8FC-2EBC66D44872}.Release|Any CPU.ActiveCfg = Release|Any CPU
		{8BFA5DE2-EE2C-4CAC-A8FC-2EBC66D44872}.Release|Any CPU.Build.0 = Release|Any CPU
		{467915F3-9A08-446F-B26E-31BA576ABC38}.Debug|Any CPU.ActiveCfg = Debug|Any CPU
		{467915F3-9A08-446F-B26E-31BA576ABC38}.Debug|Any CPU.Build.0 = Debug|Any CPU
		{467915F3-9A08-446F-B26E-31BA576ABC38}.Release|Any CPU.ActiveCfg = Release|Any CPU
		{467915F3-9A08-446F-B26E-31BA576ABC38}.Release|Any CPU.Build.0 = Release|Any CPU
		{201EB61E-7785-45EB-996B-574F5025C548}.Debug|Any CPU.ActiveCfg = Debug|Any CPU
		{201EB61E-7785-45EB-996B-574F5025C548}.Debug|Any CPU.Build.0 = Debug|Any CPU
		{201EB61E-7785-45EB-996B-574F5025C548}.Release|Any CPU.ActiveCfg = Release|Any CPU
		{201EB61E-7785-45EB-996B-574F5025C548}.Release|Any CPU.Build.0 = Release|Any CPU
		{0BF38E57-9EEB-4A08-B504-C6D6673B104F}.Debug|Any CPU.ActiveCfg = Debug|Any CPU
		{0BF38E57-9EEB-4A08-B504-C6D6673B104F}.Debug|Any CPU.Build.0 = Debug|Any CPU
		{0BF38E57-9EEB-4A08-B504-C6D6673B104F}.Release|Any CPU.ActiveCfg = Release|Any CPU
		{0BF38E57-9EEB-4A08-B504-C6D6673B104F}.Release|Any CPU.Build.0 = Release|Any CPU
		{28F3F561-AC4B-4CFA-AEA6-FF7DC24E966B}.Debug|Any CPU.ActiveCfg = Debug|Any CPU
		{28F3F561-AC4B-4CFA-AEA6-FF7DC24E966B}.Debug|Any CPU.Build.0 = Debug|Any CPU
		{28F3F561-AC4B-4CFA-AEA6-FF7DC24E966B}.Release|Any CPU.ActiveCfg = Release|Any CPU
		{28F3F561-AC4B-4CFA-AEA6-FF7DC24E966B}.Release|Any CPU.Build.0 = Release|Any CPU
		{3F3C68E1-114F-4E98-9BAC-39FC0B7A1222}.Debug|Any CPU.ActiveCfg = Debug|Any CPU
		{3F3C68E1-114F-4E98-9BAC-39FC0B7A1222}.Debug|Any CPU.Build.0 = Debug|Any CPU
		{3F3C68E1-114F-4E98-9BAC-39FC0B7A1222}.Release|Any CPU.ActiveCfg = Release|Any CPU
		{3F3C68E1-114F-4E98-9BAC-39FC0B7A1222}.Release|Any CPU.Build.0 = Release|Any CPU
		{F5F9BEBC-1A00-44C9-B1DB-4A53F092370C}.Debug|Any CPU.ActiveCfg = Debug|Any CPU
		{F5F9BEBC-1A00-44C9-B1DB-4A53F092370C}.Debug|Any CPU.Build.0 = Debug|Any CPU
		{F5F9BEBC-1A00-44C9-B1DB-4A53F092370C}.Release|Any CPU.ActiveCfg = Release|Any CPU
		{F5F9BEBC-1A00-44C9-B1DB-4A53F092370C}.Release|Any CPU.Build.0 = Release|Any CPU
		{76994C57-C683-471D-88A2-8F4932E4E4BD}.Debug|Any CPU.ActiveCfg = Debug|Any CPU
		{76994C57-C683-471D-88A2-8F4932E4E4BD}.Debug|Any CPU.Build.0 = Debug|Any CPU
		{76994C57-C683-471D-88A2-8F4932E4E4BD}.Release|Any CPU.ActiveCfg = Release|Any CPU
		{76994C57-C683-471D-88A2-8F4932E4E4BD}.Release|Any CPU.Build.0 = Release|Any CPU
		{E49A57D0-08B8-4DB3-95E6-3F5EFFD693F5}.Debug|Any CPU.ActiveCfg = Debug|Any CPU
		{E49A57D0-08B8-4DB3-95E6-3F5EFFD693F5}.Debug|Any CPU.Build.0 = Debug|Any CPU
		{E49A57D0-08B8-4DB3-95E6-3F5EFFD693F5}.Release|Any CPU.ActiveCfg = Release|Any CPU
		{E49A57D0-08B8-4DB3-95E6-3F5EFFD693F5}.Release|Any CPU.Build.0 = Release|Any CPU
		{B9BDF178-32A7-4B3C-8D85-6A4D83F1A375}.Debug|Any CPU.ActiveCfg = Debug|Any CPU
		{B9BDF178-32A7-4B3C-8D85-6A4D83F1A375}.Debug|Any CPU.Build.0 = Debug|Any CPU
		{B9BDF178-32A7-4B3C-8D85-6A4D83F1A375}.Release|Any CPU.ActiveCfg = Release|Any CPU
		{B9BDF178-32A7-4B3C-8D85-6A4D83F1A375}.Release|Any CPU.Build.0 = Release|Any CPU
		{30CBB30F-4558-4A62-831F-4FF78EF17B22}.Debug|Any CPU.ActiveCfg = Debug|Any CPU
		{30CBB30F-4558-4A62-831F-4FF78EF17B22}.Debug|Any CPU.Build.0 = Debug|Any CPU
		{30CBB30F-4558-4A62-831F-4FF78EF17B22}.Release|Any CPU.ActiveCfg = Release|Any CPU
		{30CBB30F-4558-4A62-831F-4FF78EF17B22}.Release|Any CPU.Build.0 = Release|Any CPU
		{489803BA-BFD2-46A8-8DD8-FF96CFAC56D9}.Debug|Any CPU.ActiveCfg = Debug|Any CPU
		{489803BA-BFD2-46A8-8DD8-FF96CFAC56D9}.Debug|Any CPU.Build.0 = Debug|Any CPU
		{489803BA-BFD2-46A8-8DD8-FF96CFAC56D9}.Release|Any CPU.ActiveCfg = Release|Any CPU
		{489803BA-BFD2-46A8-8DD8-FF96CFAC56D9}.Release|Any CPU.Build.0 = Release|Any CPU
	EndGlobalSection
	GlobalSection(SolutionProperties) = preSolution
		HideSolutionNode = FALSE
	EndGlobalSection
	GlobalSection(NestedProjects) = preSolution
		{F6029724-F548-4586-82FA-A4D4E6A73413} = {EC6B6095-7B3D-40A9-BD4D-BC137E46372B}
		{46D43602-C1DA-41AE-8204-39FA81B53267} = {F6029724-F548-4586-82FA-A4D4E6A73413}
		{D8AC5F0D-A319-4C6C-978B-CD0C9C5BCA9F} = {EC6B6095-7B3D-40A9-BD4D-BC137E46372B}
		{CA0B15CF-F0BF-4BF0-B471-8293B8A8D396} = {D8AC5F0D-A319-4C6C-978B-CD0C9C5BCA9F}
		{9B5809D5-5A63-4A00-A098-7B6E538EECAF} = {EC6B6095-7B3D-40A9-BD4D-BC137E46372B}
		{C8F0D38A-44EA-4CAB-8A7A-758E2B11D31C} = {9B5809D5-5A63-4A00-A098-7B6E538EECAF}
		{5E89E8FD-641F-42AA-94B6-5E28FF51FD24} = {9B5809D5-5A63-4A00-A098-7B6E538EECAF}
		{48FE27E1-2F6A-4C75-815A-6E6D899F7058} = {9B5809D5-5A63-4A00-A098-7B6E538EECAF}
		{8F437254-1DD4-4014-B7D9-BE80697E7BFD} = {5E89E8FD-641F-42AA-94B6-5E28FF51FD24}
		{83D51872-250E-4177-AF25-F47979FD05F0} = {C8F0D38A-44EA-4CAB-8A7A-758E2B11D31C}
		{D3DE539C-A992-418A-8D0B-0211C10A3C98} = {C8F0D38A-44EA-4CAB-8A7A-758E2B11D31C}
		{8BFA5DE2-EE2C-4CAC-A8FC-2EBC66D44872} = {48FE27E1-2F6A-4C75-815A-6E6D899F7058}
		{467915F3-9A08-446F-B26E-31BA576ABC38} = {48FE27E1-2F6A-4C75-815A-6E6D899F7058}
		{E5CE4EF7-8BAA-4AE6-A00E-6E3529761A70} = {EC6B6095-7B3D-40A9-BD4D-BC137E46372B}
		{8609E208-5360-4802-AB0B-7DEB48A85F98} = {E5CE4EF7-8BAA-4AE6-A00E-6E3529761A70}
		{AB78EAF4-39F4-4234-BAE0-A8EFF656B6AB} = {E5CE4EF7-8BAA-4AE6-A00E-6E3529761A70}
		{A5F79483-58C3-44EC-B29F-603EACAC658E} = {E5CE4EF7-8BAA-4AE6-A00E-6E3529761A70}
		{201EB61E-7785-45EB-996B-574F5025C548} = {A5F79483-58C3-44EC-B29F-603EACAC658E}
		{0BF38E57-9EEB-4A08-B504-C6D6673B104F} = {8609E208-5360-4802-AB0B-7DEB48A85F98}
		{28F3F561-AC4B-4CFA-AEA6-FF7DC24E966B} = {8609E208-5360-4802-AB0B-7DEB48A85F98}
		{3F3C68E1-114F-4E98-9BAC-39FC0B7A1222} = {AB78EAF4-39F4-4234-BAE0-A8EFF656B6AB}
		{F5F9BEBC-1A00-44C9-B1DB-4A53F092370C} = {AB78EAF4-39F4-4234-BAE0-A8EFF656B6AB}
		{7AEECBFB-3F6D-4F94-8252-AD2A30006F6C} = {EC6B6095-7B3D-40A9-BD4D-BC137E46372B}
		{F6E68372-0C91-4877-B5B3-D954B76B97F7} = {7AEECBFB-3F6D-4F94-8252-AD2A30006F6C}
		{76994C57-C683-471D-88A2-8F4932E4E4BD} = {F6E68372-0C91-4877-B5B3-D954B76B97F7}
		{E49A57D0-08B8-4DB3-95E6-3F5EFFD693F5} = {F6E68372-0C91-4877-B5B3-D954B76B97F7}
		{05D48D5D-0385-48EC-87FF-D908DC925ED0} = {7AEECBFB-3F6D-4F94-8252-AD2A30006F6C}
		{B9BDF178-32A7-4B3C-8D85-6A4D83F1A375} = {05D48D5D-0385-48EC-87FF-D908DC925ED0}
		{30CBB30F-4558-4A62-831F-4FF78EF17B22} = {05D48D5D-0385-48EC-87FF-D908DC925ED0}
		{F5669A0D-3AB6-4C6C-9770-46236739F6C3} = {7AEECBFB-3F6D-4F94-8252-AD2A30006F6C}
		{489803BA-BFD2-46A8-8DD8-FF96CFAC56D9} = {F5669A0D-3AB6-4C6C-9770-46236739F6C3}
	EndGlobalSection
	GlobalSection(ExtensibilityGlobals) = postSolution
		SolutionGuid = {6E24F53E-F5FC-477C-B8AB-C1251EC326A2}
	EndGlobalSection
EndGlobal
